// !$*UTF8*$!
{
	archiveVersion = 1;
	classes = {
	};
	objectVersion = 46;
	objects = {

/* Begin PBXBuildFile section */
		E1359D296699018145572FDC /* libPods-WeatherApp.a in Frameworks */ = {isa = PBXBuildFile; fileRef = 4C7B7C5C2D2112F086A05C3C /* libPods-WeatherApp.a */; };
		E82A20E8912B9202F02D6BEC /* libPods-WeatherAppTests.a in Frameworks */ = {isa = PBXBuildFile; fileRef = 0525F5AC85999ACB53E9EA88 /* libPods-WeatherAppTests.a */; };
		EE4E18C01DF6E7A300E7EA92 /* CWAAppAssembly.m in Sources */ = {isa = PBXBuildFile; fileRef = EE4E18BF1DF6E7A300E7EA92 /* CWAAppAssembly.m */; };
		EE4E18C41DF6EA3200E7EA92 /* CWAWireframesAssembly.m in Sources */ = {isa = PBXBuildFile; fileRef = EE4E18C31DF6EA3200E7EA92 /* CWAWireframesAssembly.m */; };
		EE4E18C71DF6EE2400E7EA92 /* CWAViewControllersAssembly.m in Sources */ = {isa = PBXBuildFile; fileRef = EE4E18C61DF6EE2400E7EA92 /* CWAViewControllersAssembly.m */; };
		EE4E18CC1DF6F42900E7EA92 /* CWASearchPresenter.m in Sources */ = {isa = PBXBuildFile; fileRef = EE4E18CB1DF6F42900E7EA92 /* CWASearchPresenter.m */; };
		EE4E18CF1DF6F45900E7EA92 /* CWAPresentersAssembly.m in Sources */ = {isa = PBXBuildFile; fileRef = EE4E18CE1DF6F45900E7EA92 /* CWAPresentersAssembly.m */; };
		EEC7A47E1DF5997C000F6327 /* main.m in Sources */ = {isa = PBXBuildFile; fileRef = EEC7A47D1DF5997C000F6327 /* main.m */; };
		EEC7A4811DF5997C000F6327 /* CWAAppDelegate.m in Sources */ = {isa = PBXBuildFile; fileRef = EEC7A4801DF5997C000F6327 /* CWAAppDelegate.m */; };
		EEC7A48A1DF5997C000F6327 /* WeatherApp.xcdatamodeld in Sources */ = {isa = PBXBuildFile; fileRef = EEC7A4881DF5997C000F6327 /* WeatherApp.xcdatamodeld */; };
		EEC7A49A1DF5997C000F6327 /* WeatherAppTests.m in Sources */ = {isa = PBXBuildFile; fileRef = EEC7A4991DF5997C000F6327 /* WeatherAppTests.m */; };
		EEC7A4B21DF5B513000F6327 /* Assets.xcassets in Resources */ = {isa = PBXBuildFile; fileRef = EEC7A4AE1DF5B513000F6327 /* Assets.xcassets */; };
		EEC7A4B31DF5B513000F6327 /* LaunchScreen.storyboard in Resources */ = {isa = PBXBuildFile; fileRef = EEC7A4AF1DF5B513000F6327 /* LaunchScreen.storyboard */; };
		EEC7A4B61DF5B548000F6327 /* CWASearchViewController.xib in Resources */ = {isa = PBXBuildFile; fileRef = EEC7A4B51DF5B548000F6327 /* CWASearchViewController.xib */; };
		EEC7A4B91DF5B565000F6327 /* CWASearchViewController.m in Sources */ = {isa = PBXBuildFile; fileRef = EEC7A4B81DF5B565000F6327 /* CWASearchViewController.m */; };
		EEC7A4C01DF5CEFF000F6327 /* CWARootWireframe.m in Sources */ = {isa = PBXBuildFile; fileRef = EEC7A4BF1DF5CEFF000F6327 /* CWARootWireframe.m */; };
		EEC7A4C31DF5D013000F6327 /* CWASearchWireframe.m in Sources */ = {isa = PBXBuildFile; fileRef = EEC7A4C21DF5D013000F6327 /* CWASearchWireframe.m */; };
/* End PBXBuildFile section */

/* Begin PBXContainerItemProxy section */
		EEC7A4961DF5997C000F6327 /* PBXContainerItemProxy */ = {
			isa = PBXContainerItemProxy;
			containerPortal = EEC7A4711DF5997C000F6327 /* Project object */;
			proxyType = 1;
			remoteGlobalIDString = EEC7A4781DF5997C000F6327;
			remoteInfo = WeatherApp;
		};
/* End PBXContainerItemProxy section */

/* Begin PBXFileReference section */
		01C3236C83F43F0726E9F8C7 /* Pods-WeatherAppTests.release.xcconfig */ = {isa = PBXFileReference; includeInIndex = 1; lastKnownFileType = text.xcconfig; name = "Pods-WeatherAppTests.release.xcconfig"; path = "Pods/Target Support Files/Pods-WeatherAppTests/Pods-WeatherAppTests.release.xcconfig"; sourceTree = "<group>"; };
		0525F5AC85999ACB53E9EA88 /* libPods-WeatherAppTests.a */ = {isa = PBXFileReference; explicitFileType = archive.ar; includeInIndex = 0; path = "libPods-WeatherAppTests.a"; sourceTree = BUILT_PRODUCTS_DIR; };
		4C7B7C5C2D2112F086A05C3C /* libPods-WeatherApp.a */ = {isa = PBXFileReference; explicitFileType = archive.ar; includeInIndex = 0; path = "libPods-WeatherApp.a"; sourceTree = BUILT_PRODUCTS_DIR; };
		81CAA2D7C1C873864BE763F7 /* Pods-WeatherApp.release.xcconfig */ = {isa = PBXFileReference; includeInIndex = 1; lastKnownFileType = text.xcconfig; name = "Pods-WeatherApp.release.xcconfig"; path = "Pods/Target Support Files/Pods-WeatherApp/Pods-WeatherApp.release.xcconfig"; sourceTree = "<group>"; };
		8EB6809AB4EE377621FCC9FF /* Pods-WeatherAppTests.debug.xcconfig */ = {isa = PBXFileReference; includeInIndex = 1; lastKnownFileType = text.xcconfig; name = "Pods-WeatherAppTests.debug.xcconfig"; path = "Pods/Target Support Files/Pods-WeatherAppTests/Pods-WeatherAppTests.debug.xcconfig"; sourceTree = "<group>"; };
		A2C3E839DA56FDEC38382038 /* Pods-WeatherApp.debug.xcconfig */ = {isa = PBXFileReference; includeInIndex = 1; lastKnownFileType = text.xcconfig; name = "Pods-WeatherApp.debug.xcconfig"; path = "Pods/Target Support Files/Pods-WeatherApp/Pods-WeatherApp.debug.xcconfig"; sourceTree = "<group>"; };
		EE4E18BE1DF6E7A300E7EA92 /* CWAAppAssembly.h */ = {isa = PBXFileReference; fileEncoding = 4; lastKnownFileType = sourcecode.c.h; path = CWAAppAssembly.h; sourceTree = "<group>"; };
		EE4E18BF1DF6E7A300E7EA92 /* CWAAppAssembly.m */ = {isa = PBXFileReference; fileEncoding = 4; lastKnownFileType = sourcecode.c.objc; path = CWAAppAssembly.m; sourceTree = "<group>"; };
		EE4E18C11DF6E9DE00E7EA92 /* CWASearchWireframeInterface.h */ = {isa = PBXFileReference; lastKnownFileType = sourcecode.c.h; path = CWASearchWireframeInterface.h; sourceTree = "<group>"; };
		EE4E18C21DF6EA3200E7EA92 /* CWAWireframesAssembly.h */ = {isa = PBXFileReference; fileEncoding = 4; lastKnownFileType = sourcecode.c.h; path = CWAWireframesAssembly.h; sourceTree = "<group>"; };
		EE4E18C31DF6EA3200E7EA92 /* CWAWireframesAssembly.m */ = {isa = PBXFileReference; fileEncoding = 4; lastKnownFileType = sourcecode.c.objc; path = CWAWireframesAssembly.m; sourceTree = "<group>"; };
		EE4E18C51DF6EE2400E7EA92 /* CWAViewControllersAssembly.h */ = {isa = PBXFileReference; fileEncoding = 4; lastKnownFileType = sourcecode.c.h; path = CWAViewControllersAssembly.h; sourceTree = "<group>"; };
		EE4E18C61DF6EE2400E7EA92 /* CWAViewControllersAssembly.m */ = {isa = PBXFileReference; fileEncoding = 4; lastKnownFileType = sourcecode.c.objc; path = CWAViewControllersAssembly.m; sourceTree = "<group>"; };
		EE4E18C91DF6F41000E7EA92 /* CWASearchPresenterInterface.h */ = {isa = PBXFileReference; lastKnownFileType = sourcecode.c.h; path = CWASearchPresenterInterface.h; sourceTree = "<group>"; };
		EE4E18CA1DF6F42900E7EA92 /* CWASearchPresenter.h */ = {isa = PBXFileReference; fileEncoding = 4; lastKnownFileType = sourcecode.c.h; path = CWASearchPresenter.h; sourceTree = "<group>"; };
		EE4E18CB1DF6F42900E7EA92 /* CWASearchPresenter.m */ = {isa = PBXFileReference; fileEncoding = 4; lastKnownFileType = sourcecode.c.objc; path = CWASearchPresenter.m; sourceTree = "<group>"; };
		EE4E18CD1DF6F45900E7EA92 /* CWAPresentersAssembly.h */ = {isa = PBXFileReference; fileEncoding = 4; lastKnownFileType = sourcecode.c.h; path = CWAPresentersAssembly.h; sourceTree = "<group>"; };
		EE4E18CE1DF6F45900E7EA92 /* CWAPresentersAssembly.m */ = {isa = PBXFileReference; fileEncoding = 4; lastKnownFileType = sourcecode.c.objc; path = CWAPresentersAssembly.m; sourceTree = "<group>"; };
		EEC7A4791DF5997C000F6327 /* WeatherApp.app */ = {isa = PBXFileReference; explicitFileType = wrapper.application; includeInIndex = 0; path = WeatherApp.app; sourceTree = BUILT_PRODUCTS_DIR; };
		EEC7A47D1DF5997C000F6327 /* main.m */ = {isa = PBXFileReference; lastKnownFileType = sourcecode.c.objc; path = main.m; sourceTree = "<group>"; };
		EEC7A47F1DF5997C000F6327 /* CWAAppDelegate.h */ = {isa = PBXFileReference; lastKnownFileType = sourcecode.c.h; path = CWAAppDelegate.h; sourceTree = "<group>"; };
		EEC7A4801DF5997C000F6327 /* CWAAppDelegate.m */ = {isa = PBXFileReference; lastKnownFileType = sourcecode.c.objc; path = CWAAppDelegate.m; sourceTree = "<group>"; };
		EEC7A4891DF5997C000F6327 /* WeatherApp.xcdatamodel */ = {isa = PBXFileReference; lastKnownFileType = wrapper.xcdatamodel; path = WeatherApp.xcdatamodel; sourceTree = "<group>"; };
		EEC7A4901DF5997C000F6327 /* Info.plist */ = {isa = PBXFileReference; lastKnownFileType = text.plist.xml; path = Info.plist; sourceTree = "<group>"; };
		EEC7A4951DF5997C000F6327 /* WeatherAppTests.xctest */ = {isa = PBXFileReference; explicitFileType = wrapper.cfbundle; includeInIndex = 0; path = WeatherAppTests.xctest; sourceTree = BUILT_PRODUCTS_DIR; };
		EEC7A4991DF5997C000F6327 /* WeatherAppTests.m */ = {isa = PBXFileReference; lastKnownFileType = sourcecode.c.objc; path = WeatherAppTests.m; sourceTree = "<group>"; };
		EEC7A49B1DF5997C000F6327 /* Info.plist */ = {isa = PBXFileReference; lastKnownFileType = text.plist.xml; path = Info.plist; sourceTree = "<group>"; };
		EEC7A4AE1DF5B513000F6327 /* Assets.xcassets */ = {isa = PBXFileReference; lastKnownFileType = folder.assetcatalog; path = Assets.xcassets; sourceTree = "<group>"; };
		EEC7A4B01DF5B513000F6327 /* Base */ = {isa = PBXFileReference; lastKnownFileType = file.storyboard; name = Base; path = Base.lproj/LaunchScreen.storyboard; sourceTree = "<group>"; };
		EEC7A4B51DF5B548000F6327 /* CWASearchViewController.xib */ = {isa = PBXFileReference; fileEncoding = 4; lastKnownFileType = file.xib; path = CWASearchViewController.xib; sourceTree = "<group>"; };
		EEC7A4B71DF5B565000F6327 /* CWASearchViewController.h */ = {isa = PBXFileReference; fileEncoding = 4; lastKnownFileType = sourcecode.c.h; path = CWASearchViewController.h; sourceTree = "<group>"; };
		EEC7A4B81DF5B565000F6327 /* CWASearchViewController.m */ = {isa = PBXFileReference; fileEncoding = 4; lastKnownFileType = sourcecode.c.objc; path = CWASearchViewController.m; sourceTree = "<group>"; };
		EEC7A4BE1DF5CEFF000F6327 /* CWARootWireframe.h */ = {isa = PBXFileReference; fileEncoding = 4; lastKnownFileType = sourcecode.c.h; path = CWARootWireframe.h; sourceTree = "<group>"; };
		EEC7A4BF1DF5CEFF000F6327 /* CWARootWireframe.m */ = {isa = PBXFileReference; fileEncoding = 4; lastKnownFileType = sourcecode.c.objc; path = CWARootWireframe.m; sourceTree = "<group>"; };
		EEC7A4C11DF5D013000F6327 /* CWASearchWireframe.h */ = {isa = PBXFileReference; fileEncoding = 4; lastKnownFileType = sourcecode.c.h; path = CWASearchWireframe.h; sourceTree = "<group>"; };
		EEC7A4C21DF5D013000F6327 /* CWASearchWireframe.m */ = {isa = PBXFileReference; fileEncoding = 4; lastKnownFileType = sourcecode.c.objc; path = CWASearchWireframe.m; sourceTree = "<group>"; };
		EEC7A4C41DF5D81D000F6327 /* CWARootWireframeInterface.h */ = {isa = PBXFileReference; lastKnownFileType = sourcecode.c.h; path = CWARootWireframeInterface.h; sourceTree = "<group>"; };
/* End PBXFileReference section */

/* Begin PBXFrameworksBuildPhase section */
		EEC7A4761DF5997C000F6327 /* Frameworks */ = {
			isa = PBXFrameworksBuildPhase;
			buildActionMask = 2147483647;
			files = (
				E1359D296699018145572FDC /* libPods-WeatherApp.a in Frameworks */,
			);
			runOnlyForDeploymentPostprocessing = 0;
		};
		EEC7A4921DF5997C000F6327 /* Frameworks */ = {
			isa = PBXFrameworksBuildPhase;
			buildActionMask = 2147483647;
			files = (
				E82A20E8912B9202F02D6BEC /* libPods-WeatherAppTests.a in Frameworks */,
			);
			runOnlyForDeploymentPostprocessing = 0;
		};
/* End PBXFrameworksBuildPhase section */

/* Begin PBXGroup section */
		A57834C867FE6FD209781520 /* Pods */ = {
			isa = PBXGroup;
			children = (
				A2C3E839DA56FDEC38382038 /* Pods-WeatherApp.debug.xcconfig */,
				81CAA2D7C1C873864BE763F7 /* Pods-WeatherApp.release.xcconfig */,
				8EB6809AB4EE377621FCC9FF /* Pods-WeatherAppTests.debug.xcconfig */,
				01C3236C83F43F0726E9F8C7 /* Pods-WeatherAppTests.release.xcconfig */,
			);
			name = Pods;
			sourceTree = "<group>";
		};
		EE4E18BD1DF6E73000E7EA92 /* DIConfiguration */ = {
			isa = PBXGroup;
			children = (
				EE4E18BE1DF6E7A300E7EA92 /* CWAAppAssembly.h */,
				EE4E18BF1DF6E7A300E7EA92 /* CWAAppAssembly.m */,
				EE4E18C21DF6EA3200E7EA92 /* CWAWireframesAssembly.h */,
				EE4E18C31DF6EA3200E7EA92 /* CWAWireframesAssembly.m */,
				EE4E18C51DF6EE2400E7EA92 /* CWAViewControllersAssembly.h */,
				EE4E18C61DF6EE2400E7EA92 /* CWAViewControllersAssembly.m */,
				EE4E18CD1DF6F45900E7EA92 /* CWAPresentersAssembly.h */,
				EE4E18CE1DF6F45900E7EA92 /* CWAPresentersAssembly.m */,
			);
			path = DIConfiguration;
			sourceTree = "<group>";
		};
		EE4E18C81DF6F3F600E7EA92 /* Presenters */ = {
			isa = PBXGroup;
			children = (
				EE4E18C91DF6F41000E7EA92 /* CWASearchPresenterInterface.h */,
				EE4E18CA1DF6F42900E7EA92 /* CWASearchPresenter.h */,
				EE4E18CB1DF6F42900E7EA92 /* CWASearchPresenter.m */,
			);
			path = Presenters;
			sourceTree = "<group>";
		};
		EEC7A4701DF5997C000F6327 = {
			isa = PBXGroup;
			children = (
				EEC7A47B1DF5997C000F6327 /* WeatherApp */,
				EEC7A4981DF5997C000F6327 /* WeatherAppTests */,
				EEC7A47A1DF5997C000F6327 /* Products */,
				A57834C867FE6FD209781520 /* Pods */,
				F26EB1B4973865033FD368CE /* Frameworks */,
			);
			sourceTree = "<group>";
		};
		EEC7A47A1DF5997C000F6327 /* Products */ = {
			isa = PBXGroup;
			children = (
				EEC7A4791DF5997C000F6327 /* WeatherApp.app */,
				EEC7A4951DF5997C000F6327 /* WeatherAppTests.xctest */,
			);
			name = Products;
			sourceTree = "<group>";
		};
		EEC7A47B1DF5997C000F6327 /* WeatherApp */ = {
			isa = PBXGroup;
			children = (
				EE4E18BD1DF6E73000E7EA92 /* DIConfiguration */,
				EEC7A4BD1DF5CEDD000F6327 /* Wireframes */,
				EE4E18C81DF6F3F600E7EA92 /* Presenters */,
				EEC7A4B11DF5B513000F6327 /* ViewControllers */,
				EEC7A4AD1DF5B513000F6327 /* Resources */,
				EEC7A47F1DF5997C000F6327 /* CWAAppDelegate.h */,
				EEC7A4801DF5997C000F6327 /* CWAAppDelegate.m */,
				EEC7A4901DF5997C000F6327 /* Info.plist */,
				EEC7A4881DF5997C000F6327 /* WeatherApp.xcdatamodeld */,
				EEC7A47C1DF5997C000F6327 /* Supporting Files */,
			);
			path = WeatherApp;
			sourceTree = "<group>";
		};
		EEC7A47C1DF5997C000F6327 /* Supporting Files */ = {
			isa = PBXGroup;
			children = (
				EEC7A47D1DF5997C000F6327 /* main.m */,
			);
			name = "Supporting Files";
			sourceTree = "<group>";
		};
		EEC7A4981DF5997C000F6327 /* WeatherAppTests */ = {
			isa = PBXGroup;
			children = (
				EEC7A4991DF5997C000F6327 /* WeatherAppTests.m */,
				EEC7A49B1DF5997C000F6327 /* Info.plist */,
			);
			path = WeatherAppTests;
			sourceTree = "<group>";
		};
		EEC7A4AD1DF5B513000F6327 /* Resources */ = {
			isa = PBXGroup;
			children = (
				EEC7A4B41DF5B538000F6327 /* Views */,
				EEC7A4AE1DF5B513000F6327 /* Assets.xcassets */,
				EEC7A4AF1DF5B513000F6327 /* LaunchScreen.storyboard */,
			);
			path = Resources;
			sourceTree = "<group>";
		};
		EEC7A4B11DF5B513000F6327 /* ViewControllers */ = {
			isa = PBXGroup;
			children = (
				EEC7A4B71DF5B565000F6327 /* CWASearchViewController.h */,
				EEC7A4B81DF5B565000F6327 /* CWASearchViewController.m */,
			);
			path = ViewControllers;
			sourceTree = "<group>";
		};
		EEC7A4B41DF5B538000F6327 /* Views */ = {
			isa = PBXGroup;
			children = (
				EEC7A4B51DF5B548000F6327 /* CWASearchViewController.xib */,
			);
			path = Views;
			sourceTree = "<group>";
		};
		EEC7A4BD1DF5CEDD000F6327 /* Wireframes */ = {
			isa = PBXGroup;
			children = (
				EEC7A4C41DF5D81D000F6327 /* CWARootWireframeInterface.h */,
				EEC7A4BE1DF5CEFF000F6327 /* CWARootWireframe.h */,
				EEC7A4BF1DF5CEFF000F6327 /* CWARootWireframe.m */,
				EE4E18C11DF6E9DE00E7EA92 /* CWASearchWireframeInterface.h */,
				EEC7A4C11DF5D013000F6327 /* CWASearchWireframe.h */,
				EEC7A4C21DF5D013000F6327 /* CWASearchWireframe.m */,
			);
			path = Wireframes;
			sourceTree = "<group>";
		};
		F26EB1B4973865033FD368CE /* Frameworks */ = {
			isa = PBXGroup;
			children = (
				4C7B7C5C2D2112F086A05C3C /* libPods-WeatherApp.a */,
				0525F5AC85999ACB53E9EA88 /* libPods-WeatherAppTests.a */,
			);
			name = Frameworks;
			sourceTree = "<group>";
		};
/* End PBXGroup section */

/* Begin PBXNativeTarget section */
		EEC7A4781DF5997C000F6327 /* WeatherApp */ = {
			isa = PBXNativeTarget;
			buildConfigurationList = EEC7A49E1DF5997C000F6327 /* Build configuration list for PBXNativeTarget "WeatherApp" */;
			buildPhases = (
				93907CFE0456BF30BD3AB328 /* [CP] Check Pods Manifest.lock */,
				EEC7A4751DF5997C000F6327 /* Sources */,
				EEC7A4761DF5997C000F6327 /* Frameworks */,
				EEC7A4771DF5997C000F6327 /* Resources */,
				BAF78FD066A8C58F8DA9964F /* [CP] Embed Pods Frameworks */,
				39B0A9BDD2C0140B4AD6258A /* [CP] Copy Pods Resources */,
			);
			buildRules = (
			);
			dependencies = (
			);
			name = WeatherApp;
			productName = WeatherApp;
			productReference = EEC7A4791DF5997C000F6327 /* WeatherApp.app */;
			productType = "com.apple.product-type.application";
		};
		EEC7A4941DF5997C000F6327 /* WeatherAppTests */ = {
			isa = PBXNativeTarget;
			buildConfigurationList = EEC7A4A11DF5997C000F6327 /* Build configuration list for PBXNativeTarget "WeatherAppTests" */;
			buildPhases = (
				BE259FE55528C8C043351B98 /* [CP] Check Pods Manifest.lock */,
				EEC7A4911DF5997C000F6327 /* Sources */,
				EEC7A4921DF5997C000F6327 /* Frameworks */,
				EEC7A4931DF5997C000F6327 /* Resources */,
				5521A74C7205571765483627 /* [CP] Embed Pods Frameworks */,
				9A6EA49BB8D303E60F37CB89 /* [CP] Copy Pods Resources */,
			);
			buildRules = (
			);
			dependencies = (
				EEC7A4971DF5997C000F6327 /* PBXTargetDependency */,
			);
			name = WeatherAppTests;
			productName = WeatherAppTests;
			productReference = EEC7A4951DF5997C000F6327 /* WeatherAppTests.xctest */;
			productType = "com.apple.product-type.bundle.unit-test";
		};
/* End PBXNativeTarget section */

/* Begin PBXProject section */
		EEC7A4711DF5997C000F6327 /* Project object */ = {
			isa = PBXProject;
			attributes = {
				LastUpgradeCheck = 0810;
				ORGANIZATIONNAME = Careem;
				TargetAttributes = {
					EEC7A4781DF5997C000F6327 = {
						CreatedOnToolsVersion = 8.1;
						ProvisioningStyle = Automatic;
					};
					EEC7A4941DF5997C000F6327 = {
						CreatedOnToolsVersion = 8.1;
						ProvisioningStyle = Automatic;
						TestTargetID = EEC7A4781DF5997C000F6327;
					};
				};
			};
			buildConfigurationList = EEC7A4741DF5997C000F6327 /* Build configuration list for PBXProject "WeatherApp" */;
			compatibilityVersion = "Xcode 3.2";
			developmentRegion = English;
			hasScannedForEncodings = 0;
			knownRegions = (
				en,
				Base,
			);
			mainGroup = EEC7A4701DF5997C000F6327;
			productRefGroup = EEC7A47A1DF5997C000F6327 /* Products */;
			projectDirPath = "";
			projectRoot = "";
			targets = (
				EEC7A4781DF5997C000F6327 /* WeatherApp */,
				EEC7A4941DF5997C000F6327 /* WeatherAppTests */,
			);
		};
/* End PBXProject section */

/* Begin PBXResourcesBuildPhase section */
		EEC7A4771DF5997C000F6327 /* Resources */ = {
			isa = PBXResourcesBuildPhase;
			buildActionMask = 2147483647;
			files = (
				EEC7A4B61DF5B548000F6327 /* CWASearchViewController.xib in Resources */,
				EEC7A4B21DF5B513000F6327 /* Assets.xcassets in Resources */,
				EEC7A4B31DF5B513000F6327 /* LaunchScreen.storyboard in Resources */,
			);
			runOnlyForDeploymentPostprocessing = 0;
		};
		EEC7A4931DF5997C000F6327 /* Resources */ = {
			isa = PBXResourcesBuildPhase;
			buildActionMask = 2147483647;
			files = (
			);
			runOnlyForDeploymentPostprocessing = 0;
		};
/* End PBXResourcesBuildPhase section */

/* Begin PBXShellScriptBuildPhase section */
		39B0A9BDD2C0140B4AD6258A /* [CP] Copy Pods Resources */ = {
			isa = PBXShellScriptBuildPhase;
			buildActionMask = 2147483647;
			files = (
			);
			inputPaths = (
			);
			name = "[CP] Copy Pods Resources";
			outputPaths = (
			);
			runOnlyForDeploymentPostprocessing = 0;
			shellPath = /bin/sh;
			shellScript = "\"${SRCROOT}/Pods/Target Support Files/Pods-WeatherApp/Pods-WeatherApp-resources.sh\"\n";
			showEnvVarsInLog = 0;
		};
		5521A74C7205571765483627 /* [CP] Embed Pods Frameworks */ = {
			isa = PBXShellScriptBuildPhase;
			buildActionMask = 2147483647;
			files = (
			);
			inputPaths = (
			);
			name = "[CP] Embed Pods Frameworks";
			outputPaths = (
			);
			runOnlyForDeploymentPostprocessing = 0;
			shellPath = /bin/sh;
			shellScript = "\"${SRCROOT}/Pods/Target Support Files/Pods-WeatherAppTests/Pods-WeatherAppTests-frameworks.sh\"\n";
			showEnvVarsInLog = 0;
		};
		93907CFE0456BF30BD3AB328 /* [CP] Check Pods Manifest.lock */ = {
			isa = PBXShellScriptBuildPhase;
			buildActionMask = 2147483647;
			files = (
			);
			inputPaths = (
			);
			name = "[CP] Check Pods Manifest.lock";
			outputPaths = (
			);
			runOnlyForDeploymentPostprocessing = 0;
			shellPath = /bin/sh;
			shellScript = "diff \"${PODS_ROOT}/../Podfile.lock\" \"${PODS_ROOT}/Manifest.lock\" > /dev/null\nif [[ $? != 0 ]] ; then\n    cat << EOM\nerror: The sandbox is not in sync with the Podfile.lock. Run 'pod install' or update your CocoaPods installation.\nEOM\n    exit 1\nfi\n";
			showEnvVarsInLog = 0;
		};
		9A6EA49BB8D303E60F37CB89 /* [CP] Copy Pods Resources */ = {
			isa = PBXShellScriptBuildPhase;
			buildActionMask = 2147483647;
			files = (
			);
			inputPaths = (
			);
			name = "[CP] Copy Pods Resources";
			outputPaths = (
			);
			runOnlyForDeploymentPostprocessing = 0;
			shellPath = /bin/sh;
			shellScript = "\"${SRCROOT}/Pods/Target Support Files/Pods-WeatherAppTests/Pods-WeatherAppTests-resources.sh\"\n";
			showEnvVarsInLog = 0;
		};
		BAF78FD066A8C58F8DA9964F /* [CP] Embed Pods Frameworks */ = {
			isa = PBXShellScriptBuildPhase;
			buildActionMask = 2147483647;
			files = (
			);
			inputPaths = (
			);
			name = "[CP] Embed Pods Frameworks";
			outputPaths = (
			);
			runOnlyForDeploymentPostprocessing = 0;
			shellPath = /bin/sh;
			shellScript = "\"${SRCROOT}/Pods/Target Support Files/Pods-WeatherApp/Pods-WeatherApp-frameworks.sh\"\n";
			showEnvVarsInLog = 0;
		};
		BE259FE55528C8C043351B98 /* [CP] Check Pods Manifest.lock */ = {
			isa = PBXShellScriptBuildPhase;
			buildActionMask = 2147483647;
			files = (
			);
			inputPaths = (
			);
			name = "[CP] Check Pods Manifest.lock";
			outputPaths = (
			);
			runOnlyForDeploymentPostprocessing = 0;
			shellPath = /bin/sh;
			shellScript = "diff \"${PODS_ROOT}/../Podfile.lock\" \"${PODS_ROOT}/Manifest.lock\" > /dev/null\nif [[ $? != 0 ]] ; then\n    cat << EOM\nerror: The sandbox is not in sync with the Podfile.lock. Run 'pod install' or update your CocoaPods installation.\nEOM\n    exit 1\nfi\n";
			showEnvVarsInLog = 0;
		};
/* End PBXShellScriptBuildPhase section */

/* Begin PBXSourcesBuildPhase section */
		EEC7A4751DF5997C000F6327 /* Sources */ = {
			isa = PBXSourcesBuildPhase;
			buildActionMask = 2147483647;
			files = (
				EEC7A4B91DF5B565000F6327 /* CWASearchViewController.m in Sources */,
				EE4E18CF1DF6F45900E7EA92 /* CWAPresentersAssembly.m in Sources */,
				EEC7A48A1DF5997C000F6327 /* WeatherApp.xcdatamodeld in Sources */,
				EEC7A4C31DF5D013000F6327 /* CWASearchWireframe.m in Sources */,
				EEC7A4C01DF5CEFF000F6327 /* CWARootWireframe.m in Sources */,
				EE4E18CC1DF6F42900E7EA92 /* CWASearchPresenter.m in Sources */,
				EEC7A4811DF5997C000F6327 /* CWAAppDelegate.m in Sources */,
				EEC7A47E1DF5997C000F6327 /* main.m in Sources */,
				EE4E18C01DF6E7A300E7EA92 /* CWAAppAssembly.m in Sources */,
				EE4E18C41DF6EA3200E7EA92 /* CWAWireframesAssembly.m in Sources */,
				EE4E18C71DF6EE2400E7EA92 /* CWAViewControllersAssembly.m in Sources */,
			);
			runOnlyForDeploymentPostprocessing = 0;
		};
		EEC7A4911DF5997C000F6327 /* Sources */ = {
			isa = PBXSourcesBuildPhase;
			buildActionMask = 2147483647;
			files = (
				EEC7A49A1DF5997C000F6327 /* WeatherAppTests.m in Sources */,
			);
			runOnlyForDeploymentPostprocessing = 0;
		};
/* End PBXSourcesBuildPhase section */

/* Begin PBXTargetDependency section */
		EEC7A4971DF5997C000F6327 /* PBXTargetDependency */ = {
			isa = PBXTargetDependency;
			target = EEC7A4781DF5997C000F6327 /* WeatherApp */;
			targetProxy = EEC7A4961DF5997C000F6327 /* PBXContainerItemProxy */;
		};
/* End PBXTargetDependency section */

/* Begin PBXVariantGroup section */
		EEC7A4AF1DF5B513000F6327 /* LaunchScreen.storyboard */ = {
			isa = PBXVariantGroup;
			children = (
				EEC7A4B01DF5B513000F6327 /* Base */,
			);
			name = LaunchScreen.storyboard;
			sourceTree = "<group>";
		};
/* End PBXVariantGroup section */

/* Begin XCBuildConfiguration section */
		EEC7A49C1DF5997C000F6327 /* Debug */ = {
			isa = XCBuildConfiguration;
			buildSettings = {
				ALWAYS_SEARCH_USER_PATHS = NO;
				CLANG_ANALYZER_NONNULL = YES;
				CLANG_CXX_LANGUAGE_STANDARD = "gnu++0x";
				CLANG_CXX_LIBRARY = "libc++";
				CLANG_ENABLE_MODULES = YES;
				CLANG_ENABLE_OBJC_ARC = YES;
				CLANG_WARN_BOOL_CONVERSION = YES;
				CLANG_WARN_CONSTANT_CONVERSION = YES;
				CLANG_WARN_DIRECT_OBJC_ISA_USAGE = YES_ERROR;
				CLANG_WARN_DOCUMENTATION_COMMENTS = YES;
				CLANG_WARN_EMPTY_BODY = YES;
				CLANG_WARN_ENUM_CONVERSION = YES;
				CLANG_WARN_INFINITE_RECURSION = YES;
				CLANG_WARN_INT_CONVERSION = YES;
				CLANG_WARN_OBJC_ROOT_CLASS = YES_ERROR;
				CLANG_WARN_SUSPICIOUS_MOVES = YES;
				CLANG_WARN_UNREACHABLE_CODE = YES;
				CLANG_WARN__DUPLICATE_METHOD_MATCH = YES;
				"CODE_SIGN_IDENTITY[sdk=iphoneos*]" = "iPhone Developer";
				COPY_PHASE_STRIP = NO;
				DEBUG_INFORMATION_FORMAT = dwarf;
				ENABLE_STRICT_OBJC_MSGSEND = YES;
				ENABLE_TESTABILITY = YES;
				GCC_C_LANGUAGE_STANDARD = gnu99;
				GCC_DYNAMIC_NO_PIC = NO;
				GCC_NO_COMMON_BLOCKS = YES;
				GCC_OPTIMIZATION_LEVEL = 0;
				GCC_PREPROCESSOR_DEFINITIONS = (
					"DEBUG=1",
					"$(inherited)",
				);
				GCC_WARN_64_TO_32_BIT_CONVERSION = YES;
				GCC_WARN_ABOUT_RETURN_TYPE = YES_ERROR;
				GCC_WARN_UNDECLARED_SELECTOR = YES;
				GCC_WARN_UNINITIALIZED_AUTOS = YES_AGGRESSIVE;
				GCC_WARN_UNUSED_FUNCTION = YES;
				GCC_WARN_UNUSED_VARIABLE = YES;
				IPHONEOS_DEPLOYMENT_TARGET = 10.1;
				MTL_ENABLE_DEBUG_INFO = YES;
				ONLY_ACTIVE_ARCH = YES;
				SDKROOT = iphoneos;
			};
			name = Debug;
		};
		EEC7A49D1DF5997C000F6327 /* Release */ = {
			isa = XCBuildConfiguration;
			buildSettings = {
				ALWAYS_SEARCH_USER_PATHS = NO;
				CLANG_ANALYZER_NONNULL = YES;
				CLANG_CXX_LANGUAGE_STANDARD = "gnu++0x";
				CLANG_CXX_LIBRARY = "libc++";
				CLANG_ENABLE_MODULES = YES;
				CLANG_ENABLE_OBJC_ARC = YES;
				CLANG_WARN_BOOL_CONVERSION = YES;
				CLANG_WARN_CONSTANT_CONVERSION = YES;
				CLANG_WARN_DIRECT_OBJC_ISA_USAGE = YES_ERROR;
				CLANG_WARN_DOCUMENTATION_COMMENTS = YES;
				CLANG_WARN_EMPTY_BODY = YES;
				CLANG_WARN_ENUM_CONVERSION = YES;
				CLANG_WARN_INFINITE_RECURSION = YES;
				CLANG_WARN_INT_CONVERSION = YES;
				CLANG_WARN_OBJC_ROOT_CLASS = YES_ERROR;
				CLANG_WARN_SUSPICIOUS_MOVES = YES;
				CLANG_WARN_UNREACHABLE_CODE = YES;
				CLANG_WARN__DUPLICATE_METHOD_MATCH = YES;
				"CODE_SIGN_IDENTITY[sdk=iphoneos*]" = "iPhone Developer";
				COPY_PHASE_STRIP = NO;
				DEBUG_INFORMATION_FORMAT = "dwarf-with-dsym";
				ENABLE_NS_ASSERTIONS = NO;
				ENABLE_STRICT_OBJC_MSGSEND = YES;
				GCC_C_LANGUAGE_STANDARD = gnu99;
				GCC_NO_COMMON_BLOCKS = YES;
				GCC_WARN_64_TO_32_BIT_CONVERSION = YES;
				GCC_WARN_ABOUT_RETURN_TYPE = YES_ERROR;
				GCC_WARN_UNDECLARED_SELECTOR = YES;
				GCC_WARN_UNINITIALIZED_AUTOS = YES_AGGRESSIVE;
				GCC_WARN_UNUSED_FUNCTION = YES;
				GCC_WARN_UNUSED_VARIABLE = YES;
				IPHONEOS_DEPLOYMENT_TARGET = 10.1;
				MTL_ENABLE_DEBUG_INFO = NO;
				SDKROOT = iphoneos;
				VALIDATE_PRODUCT = YES;
			};
			name = Release;
		};
		EEC7A49F1DF5997C000F6327 /* Debug */ = {
			isa = XCBuildConfiguration;
			baseConfigurationReference = A2C3E839DA56FDEC38382038 /* Pods-WeatherApp.debug.xcconfig */;
			buildSettings = {
				ASSETCATALOG_COMPILER_APPICON_NAME = AppIcon;
				INFOPLIST_FILE = WeatherApp/Info.plist;
				LD_RUNPATH_SEARCH_PATHS = "$(inherited) @executable_path/Frameworks";
				PRODUCT_BUNDLE_IDENTIFIER = com.careem.WeatherApp;
				PRODUCT_NAME = "$(TARGET_NAME)";
			};
			name = Debug;
		};
		EEC7A4A01DF5997C000F6327 /* Release */ = {
			isa = XCBuildConfiguration;
			baseConfigurationReference = 81CAA2D7C1C873864BE763F7 /* Pods-WeatherApp.release.xcconfig */;
			buildSettings = {
				ASSETCATALOG_COMPILER_APPICON_NAME = AppIcon;
				INFOPLIST_FILE = WeatherApp/Info.plist;
				LD_RUNPATH_SEARCH_PATHS = "$(inherited) @executable_path/Frameworks";
				PRODUCT_BUNDLE_IDENTIFIER = com.careem.WeatherApp;
				PRODUCT_NAME = "$(TARGET_NAME)";
			};
			name = Release;
		};
		EEC7A4A21DF5997C000F6327 /* Debug */ = {
			isa = XCBuildConfiguration;
			baseConfigurationReference = 8EB6809AB4EE377621FCC9FF /* Pods-WeatherAppTests.debug.xcconfig */;
			buildSettings = {
				BUNDLE_LOADER = "$(TEST_HOST)";
				INFOPLIST_FILE = WeatherAppTests/Info.plist;
				LD_RUNPATH_SEARCH_PATHS = "$(inherited) @executable_path/Frameworks @loader_path/Frameworks";
				PRODUCT_BUNDLE_IDENTIFIER = com.careem.WeatherAppTests;
				PRODUCT_NAME = "$(TARGET_NAME)";
				TEST_HOST = "$(BUILT_PRODUCTS_DIR)/WeatherApp.app/WeatherApp";
			};
			name = Debug;
		};
		EEC7A4A31DF5997C000F6327 /* Release */ = {
			isa = XCBuildConfiguration;
			baseConfigurationReference = 01C3236C83F43F0726E9F8C7 /* Pods-WeatherAppTests.release.xcconfig */;
			buildSettings = {
				BUNDLE_LOADER = "$(TEST_HOST)";
				INFOPLIST_FILE = WeatherAppTests/Info.plist;
				LD_RUNPATH_SEARCH_PATHS = "$(inherited) @executable_path/Frameworks @loader_path/Frameworks";
				PRODUCT_BUNDLE_IDENTIFIER = com.careem.WeatherAppTests;
				PRODUCT_NAME = "$(TARGET_NAME)";
				TEST_HOST = "$(BUILT_PRODUCTS_DIR)/WeatherApp.app/WeatherApp";
			};
			name = Release;
		};
/* End XCBuildConfiguration section */

/* Begin XCConfigurationList section */
		EEC7A4741DF5997C000F6327 /* Build configuration list for PBXProject "WeatherApp" */ = {
			isa = XCConfigurationList;
			buildConfigurations = (
				EEC7A49C1DF5997C000F6327 /* Debug */,
				EEC7A49D1DF5997C000F6327 /* Release */,
			);
			defaultConfigurationIsVisible = 0;
			defaultConfigurationName = Release;
		};
		EEC7A49E1DF5997C000F6327 /* Build configuration list for PBXNativeTarget "WeatherApp" */ = {
			isa = XCConfigurationList;
			buildConfigurations = (
				EEC7A49F1DF5997C000F6327 /* Debug */,
				EEC7A4A01DF5997C000F6327 /* Release */,
			);
			defaultConfigurationIsVisible = 0;
			defaultConfigurationName = Release;
		};
		EEC7A4A11DF5997C000F6327 /* Build configuration list for PBXNativeTarget "WeatherAppTests" */ = {
			isa = XCConfigurationList;
			buildConfigurations = (
				EEC7A4A21DF5997C000F6327 /* Debug */,
				EEC7A4A31DF5997C000F6327 /* Release */,
			);
			defaultConfigurationIsVisible = 0;
			defaultConfigurationName = Release;
		};
/* End XCConfigurationList section */

/* Begin XCVersionGroup section */
		EEC7A4881DF5997C000F6327 /* WeatherApp.xcdatamodeld */ = {
			isa = XCVersionGroup;
			children = (
				EEC7A4891DF5997C000F6327 /* WeatherApp.xcdatamodel */,
			);
			currentVersion = EEC7A4891DF5997C000F6327 /* WeatherApp.xcdatamodel */;
			path = WeatherApp.xcdatamodeld;
			sourceTree = "<group>";
			versionGroupType = wrapper.xcdatamodel;
		};
/* End XCVersionGroup section */
	};
	rootObject = EEC7A4711DF5997C000F6327 /* Project object */;
}
